
Microsoft Visual Studio Solution File, Format Version 12.00
# Visual Studio Version 16
VisualStudioVersion = 16.0.30804.86
MinimumVisualStudioVersion = 10.0.40219.1
Project("{9A19103F-16F7-4668-BE54-9A1E7A4F7556}") = "Cocktail", "Cocktail.csproj", "{FEC5A721-AE1E-4EA4-9490-EED7B1CAFA3E}"
EndProject
Global
	GlobalSection(SolutionConfigurationPlatforms) = preSolution
		Debug|Any CPU = Debug|Any CPU
		Release|Any CPU = Release|Any CPU
	EndGlobalSection
	GlobalSection(ProjectConfigurationPlatforms) = postSolution
		{FEC5A721-AE1E-4EA4-9490-EED7B1CAFA3E}.Debug|Any CPU.ActiveCfg = Debug|Any CPU
		{FEC5A721-AE1E-4EA4-9490-EED7B1CAFA3E}.Debug|Any CPU.Build.0 = Debug|Any CPU
		{FEC5A721-AE1E-4EA4-9490-EED7B1CAFA3E}.Release|Any CPU.ActiveCfg = Release|Any CPU
		{FEC5A721-AE1E-4EA4-9490-EED7B1CAFA3E}.Release|Any CPU.Build.0 = Release|Any CPU
	EndGlobalSection
	GlobalSection(SolutionProperties) = preSolution
		HideSolutionNode = FALSE
	EndGlobalSection
	GlobalSection(ExtensibilityGlobals) = postSolution
		SolutionGuid = {0E78F18A-7C66-4B4D-888A-E822CA772801}
	EndGlobalSection
EndGlobal
